
Microsoft Visual Studio Solution File, Format Version 12.00
# Visual Studio 2013
VisualStudioVersion = 12.0.21005.1
MinimumVisualStudioVersion = 10.0.40219.1
Project("{FAE04EC0-301F-11D3-BF4B-00C04F79EFBC}") = "MyScreenTools", "MyScreenTools\MyScreenTools.csproj", "{57FBE5AB-F79C-466E-8CFE-7431BD8D1632}"
EndProject
Project("{54435603-DBB4-11D2-8724-00A0C9A8B90C}") = "MyScreenToolsSetup", "MyScreenToolsSetup\MyScreenToolsSetup.vdproj", "{A4839F35-F3C0-4F02-B935-2FDAA6749AF7}"
EndProject
Project("{FAE04EC0-301F-11D3-BF4B-00C04F79EFBC}") = "ScreenToGif", "ScreenToGif\ScreenToGif.csproj", "{51F5B263-0DF8-46AE-B1BB-A4AF0B12F69F}"
EndProject
Project("{FAE04EC0-301F-11D3-BF4B-00C04F79EFBC}") = "ScreenColorPicker", "ScreenColorPicker\ScreenColorPicker.csproj", "{272D703B-B7A7-4993-8690-23390223D736}"
EndProject
Project("{FAE04EC0-301F-11D3-BF4B-00C04F79EFBC}") = "CommonLibrary", "CommonLibrary\CommonLibrary.csproj", "{F8D030E9-2CFD-499B-B87F-80F8E2C57AA1}"
EndProject
Project("{FAE04EC0-301F-11D3-BF4B-00C04F79EFBC}") = "GIFSicleTool", "GIFSicleTool\GIFSicleTool.csproj", "{7E623DA5-9D5A-4A14-91F9-675E37336036}"
EndProject
Project("{FAE04EC0-301F-11D3-BF4B-00C04F79EFBC}") = "ScreenTextPaster", "ScreenTextPaster\ScreenTextPaster.csproj", "{DC7A057B-8C57-45C8-B3E6-9F1BBF061BCC}"
EndProject
Global
	GlobalSection(SolutionConfigurationPlatforms) = preSolution
		Debug|Any CPU = Debug|Any CPU
		Release|Any CPU = Release|Any CPU
	EndGlobalSection
	GlobalSection(ProjectConfigurationPlatforms) = postSolution
		{57FBE5AB-F79C-466E-8CFE-7431BD8D1632}.Debug|Any CPU.ActiveCfg = Debug|Any CPU
		{57FBE5AB-F79C-466E-8CFE-7431BD8D1632}.Debug|Any CPU.Build.0 = Debug|Any CPU
		{57FBE5AB-F79C-466E-8CFE-7431BD8D1632}.Release|Any CPU.ActiveCfg = Release|Any CPU
		{57FBE5AB-F79C-466E-8CFE-7431BD8D1632}.Release|Any CPU.Build.0 = Release|Any CPU
		{A4839F35-F3C0-4F02-B935-2FDAA6749AF7}.Debug|Any CPU.ActiveCfg = Debug
		{A4839F35-F3C0-4F02-B935-2FDAA6749AF7}.Release|Any CPU.ActiveCfg = Release
		{51F5B263-0DF8-46AE-B1BB-A4AF0B12F69F}.Debug|Any CPU.ActiveCfg = Debug|Any CPU
		{51F5B263-0DF8-46AE-B1BB-A4AF0B12F69F}.Debug|Any CPU.Build.0 = Debug|Any CPU
		{51F5B263-0DF8-46AE-B1BB-A4AF0B12F69F}.Release|Any CPU.ActiveCfg = Release|Any CPU
		{51F5B263-0DF8-46AE-B1BB-A4AF0B12F69F}.Release|Any CPU.Build.0 = Release|Any CPU
		{272D703B-B7A7-4993-8690-23390223D736}.Debug|Any CPU.ActiveCfg = Debug|Any CPU
		{272D703B-B7A7-4993-8690-23390223D736}.Debug|Any CPU.Build.0 = Debug|Any CPU
		{272D703B-B7A7-4993-8690-23390223D736}.Release|Any CPU.ActiveCfg = Release|Any CPU
		{272D703B-B7A7-4993-8690-23390223D736}.Release|Any CPU.Build.0 = Release|Any CPU
		{F8D030E9-2CFD-499B-B87F-80F8E2C57AA1}.Debug|Any CPU.ActiveCfg = Debug|Any CPU
		{F8D030E9-2CFD-499B-B87F-80F8E2C57AA1}.Debug|Any CPU.Build.0 = Debug|Any CPU
		{F8D030E9-2CFD-499B-B87F-80F8E2C57AA1}.Release|Any CPU.ActiveCfg = Release|Any CPU
		{F8D030E9-2CFD-499B-B87F-80F8E2C57AA1}.Release|Any CPU.Build.0 = Release|Any CPU
		{7E623DA5-9D5A-4A14-91F9-675E37336036}.Debug|Any CPU.ActiveCfg = Debug|Any CPU
		{7E623DA5-9D5A-4A14-91F9-675E37336036}.Debug|Any CPU.Build.0 = Debug|Any CPU
		{7E623DA5-9D5A-4A14-91F9-675E37336036}.Release|Any CPU.ActiveCfg = Release|Any CPU
		{7E623DA5-9D5A-4A14-91F9-675E37336036}.Release|Any CPU.Build.0 = Release|Any CPU
		{DC7A057B-8C57-45C8-B3E6-9F1BBF061BCC}.Debug|Any CPU.ActiveCfg = Debug|Any CPU
		{DC7A057B-8C57-45C8-B3E6-9F1BBF061BCC}.Debug|Any CPU.Build.0 = Debug|Any CPU
		{DC7A057B-8C57-45C8-B3E6-9F1BBF061BCC}.Release|Any CPU.ActiveCfg = Release|Any CPU
		{DC7A057B-8C57-45C8-B3E6-9F1BBF061BCC}.Release|Any CPU.Build.0 = Release|Any CPU
	EndGlobalSection
	GlobalSection(SolutionProperties) = preSolution
		HideSolutionNode = FALSE
	EndGlobalSection
EndGlobal
