
Microsoft Visual Studio Solution File, Format Version 12.00
# Visual Studio 2013
VisualStudioVersion = 12.0.21005.1
MinimumVisualStudioVersion = 10.0.40219.1
Project("{FAE04EC0-301F-11D3-BF4B-00C04F79EFBC}") = "MyScreenTools", "MyScreenTools\MyScreenTools.csproj", "{57FBE5AB-F79C-466E-8CFE-7431BD8D1632}"
EndProject
Project("{54435603-DBB4-11D2-8724-00A0C9A8B90C}") = "MyScreenToolsSetup", "MyScreenToolsSetup\MyScreenToolsSetup.vdproj", "{A4839F35-F3C0-4F02-B935-2FDAA6749AF7}"
EndProject
Global
	GlobalSection(SolutionConfigurationPlatforms) = preSolution
		Debug|Any CPU = Debug|Any CPU
		Release|Any CPU = Release|Any CPU
	EndGlobalSection
	GlobalSection(ProjectConfigurationPlatforms) = postSolution
		{57FBE5AB-F79C-466E-8CFE-7431BD8D1632}.Debug|Any CPU.ActiveCfg = Debug|Any CPU
		{57FBE5AB-F79C-466E-8CFE-7431BD8D1632}.Debug|Any CPU.Build.0 = Debug|Any CPU
		{57FBE5AB-F79C-466E-8CFE-7431BD8D1632}.Release|Any CPU.ActiveCfg = Release|Any CPU
		{57FBE5AB-F79C-466E-8CFE-7431BD8D1632}.Release|Any CPU.Build.0 = Release|Any CPU
		{A4839F35-F3C0-4F02-B935-2FDAA6749AF7}.Debug|Any CPU.ActiveCfg = Debug
		{A4839F35-F3C0-4F02-B935-2FDAA6749AF7}.Release|Any CPU.ActiveCfg = Release
	EndGlobalSection
	GlobalSection(SolutionProperties) = preSolution
		HideSolutionNode = FALSE
	EndGlobalSection
EndGlobal
